// !$*UTF8*$!
{
	archiveVersion = 1;
	classes = {
	};
	objectVersion = 56;
	objects = {

/* Begin PBXBuildFile section */
		809BF8682C2BE5DE00AF3952 /* FavoriteButton.swift in Sources */ = {isa = PBXBuildFile; fileRef = 809BF8672C2BE5DE00AF3952 /* FavoriteButton.swift */; };
		809BF8702C2BFCB400AF3952 /* hikeData.json in Resources */ = {isa = PBXBuildFile; fileRef = 809BF86F2C2BFCB400AF3952 /* hikeData.json */; };
		809BF8722C2BFCDC00AF3952 /* Hike.swift in Sources */ = {isa = PBXBuildFile; fileRef = 809BF8712C2BFCDC00AF3952 /* Hike.swift */; };
		809BF8782C2BFD8800AF3952 /* GraphCapsule.swift in Sources */ = {isa = PBXBuildFile; fileRef = 809BF8742C2BFD8800AF3952 /* GraphCapsule.swift */; };
		809BF8792C2BFD8800AF3952 /* HikeGraph.swift in Sources */ = {isa = PBXBuildFile; fileRef = 809BF8752C2BFD8800AF3952 /* HikeGraph.swift */; };
		809BF87A2C2BFD8800AF3952 /* HikeDetail.swift in Sources */ = {isa = PBXBuildFile; fileRef = 809BF8762C2BFD8800AF3952 /* HikeDetail.swift */; };
		809BF87B2C2BFD8800AF3952 /* HikeView.swift in Sources */ = {isa = PBXBuildFile; fileRef = 809BF8772C2BFD8800AF3952 /* HikeView.swift */; };
		809BF87E2C2C0B8100AF3952 /* CategoryHome.swift in Sources */ = {isa = PBXBuildFile; fileRef = 809BF87D2C2C0B8100AF3952 /* CategoryHome.swift */; };
		809BF8802C2C205E00AF3952 /* CategoryRow.swift in Sources */ = {isa = PBXBuildFile; fileRef = 809BF87F2C2C205E00AF3952 /* CategoryRow.swift */; };
		809BF8822C2C21CA00AF3952 /* CategoryItem.swift in Sources */ = {isa = PBXBuildFile; fileRef = 809BF8812C2C21CA00AF3952 /* CategoryItem.swift */; };
		809BF8842C2CFB7500AF3952 /* Profile.swift in Sources */ = {isa = PBXBuildFile; fileRef = 809BF8832C2CFB7500AF3952 /* Profile.swift */; };
		809BF8872C2CFBD900AF3952 /* ProfileHost.swift in Sources */ = {isa = PBXBuildFile; fileRef = 809BF8862C2CFBD900AF3952 /* ProfileHost.swift */; };
		809BF8892C2CFC7000AF3952 /* ProfileSummary.swift in Sources */ = {isa = PBXBuildFile; fileRef = 809BF8882C2CFC7000AF3952 /* ProfileSummary.swift */; };
		809BF88B2C2CFDDD00AF3952 /* HikeBadge.swift in Sources */ = {isa = PBXBuildFile; fileRef = 809BF88A2C2CFDDD00AF3952 /* HikeBadge.swift */; };
		809BF8922C2CFE8100AF3952 /* RotatedBadgeSymbol.swift in Sources */ = {isa = PBXBuildFile; fileRef = 809BF88D2C2CFE8100AF3952 /* RotatedBadgeSymbol.swift */; };
		809BF8932C2CFE8100AF3952 /* HexagonParameters.swift in Sources */ = {isa = PBXBuildFile; fileRef = 809BF88E2C2CFE8100AF3952 /* HexagonParameters.swift */; };
		809BF8942C2CFE8100AF3952 /* BadgeSymbol.swift in Sources */ = {isa = PBXBuildFile; fileRef = 809BF88F2C2CFE8100AF3952 /* BadgeSymbol.swift */; };
		809BF8952C2CFE8100AF3952 /* BadgeBackground.swift in Sources */ = {isa = PBXBuildFile; fileRef = 809BF8902C2CFE8100AF3952 /* BadgeBackground.swift */; };
		809BF8962C2CFE8100AF3952 /* Badge.swift in Sources */ = {isa = PBXBuildFile; fileRef = 809BF8912C2CFE8100AF3952 /* Badge.swift */; };
		80D966282C2410FE0085386F /* LandmarksApp.swift in Sources */ = {isa = PBXBuildFile; fileRef = 80D966272C2410FE0085386F /* LandmarksApp.swift */; };
		80D9662A2C2410FE0085386F /* ContentView.swift in Sources */ = {isa = PBXBuildFile; fileRef = 80D966292C2410FE0085386F /* ContentView.swift */; };
		80D9662C2C2411020085386F /* Assets.xcassets in Resources */ = {isa = PBXBuildFile; fileRef = 80D9662B2C2411020085386F /* Assets.xcassets */; };
		80D9662F2C2411020085386F /* Preview Assets.xcassets in Resources */ = {isa = PBXBuildFile; fileRef = 80D9662E2C2411020085386F /* Preview Assets.xcassets */; };
		80D966392C2411020085386F /* LandmarksTests.swift in Sources */ = {isa = PBXBuildFile; fileRef = 80D966382C2411020085386F /* LandmarksTests.swift */; };
		80D966432C2411030085386F /* LandmarksUITests.swift in Sources */ = {isa = PBXBuildFile; fileRef = 80D966422C2411030085386F /* LandmarksUITests.swift */; };
		80D966452C2411030085386F /* LandmarksUITestsLaunchTests.swift in Sources */ = {isa = PBXBuildFile; fileRef = 80D966442C2411030085386F /* LandmarksUITestsLaunchTests.swift */; };
		80D966522C24134D0085386F /* CircleImage.swift in Sources */ = {isa = PBXBuildFile; fileRef = 80D966512C24134D0085386F /* CircleImage.swift */; };
		80D966542C2414010085386F /* MapView.swift in Sources */ = {isa = PBXBuildFile; fileRef = 80D966532C2414010085386F /* MapView.swift */; };
		80D966562C2416CC0085386F /* landmarkData.json in Resources */ = {isa = PBXBuildFile; fileRef = 80D966552C2416CC0085386F /* landmarkData.json */; };
		80D966582C2416EC0085386F /* Landmark.swift in Sources */ = {isa = PBXBuildFile; fileRef = 80D966572C2416EC0085386F /* Landmark.swift */; };
		80D9665A2C2423D50085386F /* ModelData.swift in Sources */ = {isa = PBXBuildFile; fileRef = 80D966592C2423D50085386F /* ModelData.swift */; };
		80D9665F2C2426510085386F /* LandmarkRow.swift in Sources */ = {isa = PBXBuildFile; fileRef = 80D9665E2C2426510085386F /* LandmarkRow.swift */; };
		80D966612C2427A20085386F /* LandmarkList.swift in Sources */ = {isa = PBXBuildFile; fileRef = 80D966602C2427A20085386F /* LandmarkList.swift */; };
		80D966632C24283A0085386F /* LandmarkDetail.swift in Sources */ = {isa = PBXBuildFile; fileRef = 80D966622C24283A0085386F /* LandmarkDetail.swift */; };
/* End PBXBuildFile section */

/* Begin PBXContainerItemProxy section */
		80D966352C2411020085386F /* PBXContainerItemProxy */ = {
			isa = PBXContainerItemProxy;
			containerPortal = 80D9661C2C2410FE0085386F /* Project object */;
			proxyType = 1;
			remoteGlobalIDString = 80D966232C2410FE0085386F;
			remoteInfo = Landmarks;
		};
		80D9663F2C2411030085386F /* PBXContainerItemProxy */ = {
			isa = PBXContainerItemProxy;
			containerPortal = 80D9661C2C2410FE0085386F /* Project object */;
			proxyType = 1;
			remoteGlobalIDString = 80D966232C2410FE0085386F;
			remoteInfo = Landmarks;
		};
/* End PBXContainerItemProxy section */

/* Begin PBXFileReference section */
		809BF8672C2BE5DE00AF3952 /* FavoriteButton.swift */ = {isa = PBXFileReference; lastKnownFileType = sourcecode.swift; path = FavoriteButton.swift; sourceTree = "<group>"; };
		809BF86F2C2BFCB400AF3952 /* hikeData.json */ = {isa = PBXFileReference; fileEncoding = 4; lastKnownFileType = text.json; path = hikeData.json; sourceTree = "<group>"; };
		809BF8712C2BFCDC00AF3952 /* Hike.swift */ = {isa = PBXFileReference; lastKnownFileType = sourcecode.swift; path = Hike.swift; sourceTree = "<group>"; };
		809BF8742C2BFD8800AF3952 /* GraphCapsule.swift */ = {isa = PBXFileReference; fileEncoding = 4; lastKnownFileType = sourcecode.swift; path = GraphCapsule.swift; sourceTree = "<group>"; };
		809BF8752C2BFD8800AF3952 /* HikeGraph.swift */ = {isa = PBXFileReference; fileEncoding = 4; lastKnownFileType = sourcecode.swift; path = HikeGraph.swift; sourceTree = "<group>"; };
		809BF8762C2BFD8800AF3952 /* HikeDetail.swift */ = {isa = PBXFileReference; fileEncoding = 4; lastKnownFileType = sourcecode.swift; path = HikeDetail.swift; sourceTree = "<group>"; };
		809BF8772C2BFD8800AF3952 /* HikeView.swift */ = {isa = PBXFileReference; fileEncoding = 4; lastKnownFileType = sourcecode.swift; path = HikeView.swift; sourceTree = "<group>"; };
		809BF87D2C2C0B8100AF3952 /* CategoryHome.swift */ = {isa = PBXFileReference; lastKnownFileType = sourcecode.swift; path = CategoryHome.swift; sourceTree = "<group>"; };
		809BF87F2C2C205E00AF3952 /* CategoryRow.swift */ = {isa = PBXFileReference; lastKnownFileType = sourcecode.swift; path = CategoryRow.swift; sourceTree = "<group>"; };
		809BF8812C2C21CA00AF3952 /* CategoryItem.swift */ = {isa = PBXFileReference; lastKnownFileType = sourcecode.swift; path = CategoryItem.swift; sourceTree = "<group>"; };
		809BF8832C2CFB7500AF3952 /* Profile.swift */ = {isa = PBXFileReference; lastKnownFileType = sourcecode.swift; path = Profile.swift; sourceTree = "<group>"; };
		809BF8862C2CFBD900AF3952 /* ProfileHost.swift */ = {isa = PBXFileReference; lastKnownFileType = sourcecode.swift; path = ProfileHost.swift; sourceTree = "<group>"; };
		809BF8882C2CFC7000AF3952 /* ProfileSummary.swift */ = {isa = PBXFileReference; lastKnownFileType = sourcecode.swift; path = ProfileSummary.swift; sourceTree = "<group>"; };
		809BF88A2C2CFDDD00AF3952 /* HikeBadge.swift */ = {isa = PBXFileReference; lastKnownFileType = sourcecode.swift; path = HikeBadge.swift; sourceTree = "<group>"; };
		809BF88D2C2CFE8100AF3952 /* RotatedBadgeSymbol.swift */ = {isa = PBXFileReference; fileEncoding = 4; lastKnownFileType = sourcecode.swift; path = RotatedBadgeSymbol.swift; sourceTree = "<group>"; };
		809BF88E2C2CFE8100AF3952 /* HexagonParameters.swift */ = {isa = PBXFileReference; fileEncoding = 4; lastKnownFileType = sourcecode.swift; path = HexagonParameters.swift; sourceTree = "<group>"; };
		809BF88F2C2CFE8100AF3952 /* BadgeSymbol.swift */ = {isa = PBXFileReference; fileEncoding = 4; lastKnownFileType = sourcecode.swift; path = BadgeSymbol.swift; sourceTree = "<group>"; };
		809BF8902C2CFE8100AF3952 /* BadgeBackground.swift */ = {isa = PBXFileReference; fileEncoding = 4; lastKnownFileType = sourcecode.swift; path = BadgeBackground.swift; sourceTree = "<group>"; };
		809BF8912C2CFE8100AF3952 /* Badge.swift */ = {isa = PBXFileReference; fileEncoding = 4; lastKnownFileType = sourcecode.swift; path = Badge.swift; sourceTree = "<group>"; };
		80D966242C2410FE0085386F /* Landmarks.app */ = {isa = PBXFileReference; explicitFileType = wrapper.application; includeInIndex = 0; path = Landmarks.app; sourceTree = BUILT_PRODUCTS_DIR; };
		80D966272C2410FE0085386F /* LandmarksApp.swift */ = {isa = PBXFileReference; lastKnownFileType = sourcecode.swift; path = LandmarksApp.swift; sourceTree = "<group>"; };
		80D966292C2410FE0085386F /* ContentView.swift */ = {isa = PBXFileReference; lastKnownFileType = sourcecode.swift; path = ContentView.swift; sourceTree = "<group>"; };
		80D9662B2C2411020085386F /* Assets.xcassets */ = {isa = PBXFileReference; lastKnownFileType = folder.assetcatalog; path = Assets.xcassets; sourceTree = "<group>"; };
		80D9662E2C2411020085386F /* Preview Assets.xcassets */ = {isa = PBXFileReference; lastKnownFileType = folder.assetcatalog; path = "Preview Assets.xcassets"; sourceTree = "<group>"; };
		80D966342C2411020085386F /* LandmarksTests.xctest */ = {isa = PBXFileReference; explicitFileType = wrapper.cfbundle; includeInIndex = 0; path = LandmarksTests.xctest; sourceTree = BUILT_PRODUCTS_DIR; };
		80D966382C2411020085386F /* LandmarksTests.swift */ = {isa = PBXFileReference; lastKnownFileType = sourcecode.swift; path = LandmarksTests.swift; sourceTree = "<group>"; };
		80D9663E2C2411030085386F /* LandmarksUITests.xctest */ = {isa = PBXFileReference; explicitFileType = wrapper.cfbundle; includeInIndex = 0; path = LandmarksUITests.xctest; sourceTree = BUILT_PRODUCTS_DIR; };
		80D966422C2411030085386F /* LandmarksUITests.swift */ = {isa = PBXFileReference; lastKnownFileType = sourcecode.swift; path = LandmarksUITests.swift; sourceTree = "<group>"; };
		80D966442C2411030085386F /* LandmarksUITestsLaunchTests.swift */ = {isa = PBXFileReference; lastKnownFileType = sourcecode.swift; path = LandmarksUITestsLaunchTests.swift; sourceTree = "<group>"; };
		80D966512C24134D0085386F /* CircleImage.swift */ = {isa = PBXFileReference; lastKnownFileType = sourcecode.swift; path = CircleImage.swift; sourceTree = "<group>"; };
		80D966532C2414010085386F /* MapView.swift */ = {isa = PBXFileReference; lastKnownFileType = sourcecode.swift; path = MapView.swift; sourceTree = "<group>"; };
		80D966552C2416CC0085386F /* landmarkData.json */ = {isa = PBXFileReference; fileEncoding = 4; lastKnownFileType = text.json; path = landmarkData.json; sourceTree = "<group>"; };
		80D966572C2416EC0085386F /* Landmark.swift */ = {isa = PBXFileReference; lastKnownFileType = sourcecode.swift; path = Landmark.swift; sourceTree = "<group>"; };
		80D966592C2423D50085386F /* ModelData.swift */ = {isa = PBXFileReference; lastKnownFileType = sourcecode.swift; path = ModelData.swift; sourceTree = "<group>"; };
		80D9665E2C2426510085386F /* LandmarkRow.swift */ = {isa = PBXFileReference; lastKnownFileType = sourcecode.swift; path = LandmarkRow.swift; sourceTree = "<group>"; };
		80D966602C2427A20085386F /* LandmarkList.swift */ = {isa = PBXFileReference; lastKnownFileType = sourcecode.swift; path = LandmarkList.swift; sourceTree = "<group>"; };
		80D966622C24283A0085386F /* LandmarkDetail.swift */ = {isa = PBXFileReference; lastKnownFileType = sourcecode.swift; path = LandmarkDetail.swift; sourceTree = "<group>"; };
/* End PBXFileReference section */

/* Begin PBXFrameworksBuildPhase section */
		80D966212C2410FE0085386F /* Frameworks */ = {
			isa = PBXFrameworksBuildPhase;
			buildActionMask = 2147483647;
			files = (
			);
			runOnlyForDeploymentPostprocessing = 0;
		};
		80D966312C2411020085386F /* Frameworks */ = {
			isa = PBXFrameworksBuildPhase;
			buildActionMask = 2147483647;
			files = (
			);
			runOnlyForDeploymentPostprocessing = 0;
		};
		80D9663B2C2411030085386F /* Frameworks */ = {
			isa = PBXFrameworksBuildPhase;
			buildActionMask = 2147483647;
			files = (
			);
			runOnlyForDeploymentPostprocessing = 0;
		};
/* End PBXFrameworksBuildPhase section */

/* Begin PBXGroup section */
		809BF8692C2BE76800AF3952 /* Landmarks */ = {
			isa = PBXGroup;
			children = (
				80D9665E2C2426510085386F /* LandmarkRow.swift */,
				80D966602C2427A20085386F /* LandmarkList.swift */,
				80D966622C24283A0085386F /* LandmarkDetail.swift */,
			);
			path = Landmarks;
			sourceTree = "<group>";
		};
		809BF86A2C2BE77400AF3952 /* Helper */ = {
			isa = PBXGroup;
			children = (
				80D966532C2414010085386F /* MapView.swift */,
				80D966292C2410FE0085386F /* ContentView.swift */,
				80D966512C24134D0085386F /* CircleImage.swift */,
				809BF8672C2BE5DE00AF3952 /* FavoriteButton.swift */,
			);
			path = Helper;
			sourceTree = "<group>";
		};
		809BF8732C2BFD8800AF3952 /* Hikes */ = {
			isa = PBXGroup;
			children = (
				809BF8742C2BFD8800AF3952 /* GraphCapsule.swift */,
				809BF8752C2BFD8800AF3952 /* HikeGraph.swift */,
				809BF8762C2BFD8800AF3952 /* HikeDetail.swift */,
				809BF8772C2BFD8800AF3952 /* HikeView.swift */,
				809BF88A2C2CFDDD00AF3952 /* HikeBadge.swift */,
			);
			path = Hikes;
			sourceTree = "<group>";
		};
		809BF87C2C2C0B5200AF3952 /* Categories */ = {
			isa = PBXGroup;
			children = (
				809BF87D2C2C0B8100AF3952 /* CategoryHome.swift */,
				809BF87F2C2C205E00AF3952 /* CategoryRow.swift */,
				809BF8812C2C21CA00AF3952 /* CategoryItem.swift */,
			);
			path = Categories;
			sourceTree = "<group>";
		};
		809BF8852C2CFBBF00AF3952 /* Profiles */ = {
			isa = PBXGroup;
			children = (
				809BF8862C2CFBD900AF3952 /* ProfileHost.swift */,
				809BF8882C2CFC7000AF3952 /* ProfileSummary.swift */,
			);
			path = Profiles;
			sourceTree = "<group>";
		};
		809BF88C2C2CFE8100AF3952 /* Badges */ = {
			isa = PBXGroup;
			children = (
				809BF88D2C2CFE8100AF3952 /* RotatedBadgeSymbol.swift */,
				809BF88E2C2CFE8100AF3952 /* HexagonParameters.swift */,
				809BF88F2C2CFE8100AF3952 /* BadgeSymbol.swift */,
				809BF8902C2CFE8100AF3952 /* BadgeBackground.swift */,
				809BF8912C2CFE8100AF3952 /* Badge.swift */,
			);
			path = Badges;
			sourceTree = "<group>";
		};
		80D9661B2C2410FE0085386F = {
			isa = PBXGroup;
			children = (
				80D966262C2410FE0085386F /* Landmarks */,
				80D966372C2411020085386F /* LandmarksTests */,
				80D966412C2411030085386F /* LandmarksUITests */,
				80D966252C2410FE0085386F /* Products */,
			);
			sourceTree = "<group>";
		};
		80D966252C2410FE0085386F /* Products */ = {
			isa = PBXGroup;
			children = (
				80D966242C2410FE0085386F /* Landmarks.app */,
				80D966342C2411020085386F /* LandmarksTests.xctest */,
				80D9663E2C2411030085386F /* LandmarksUITests.xctest */,
			);
			name = Products;
			sourceTree = "<group>";
		};
		80D966262C2410FE0085386F /* Landmarks */ = {
			isa = PBXGroup;
			children = (
				80D9665D2C2425960085386F /* Resources */,
				80D9665C2C2425900085386F /* Model */,
				80D9665B2C2425890085386F /* View */,
				80D966272C2410FE0085386F /* LandmarksApp.swift */,
				80D9662B2C2411020085386F /* Assets.xcassets */,
				80D9662D2C2411020085386F /* Preview Content */,
			);
			path = Landmarks;
			sourceTree = "<group>";
		};
		80D9662D2C2411020085386F /* Preview Content */ = {
			isa = PBXGroup;
			children = (
				80D9662E2C2411020085386F /* Preview Assets.xcassets */,
			);
			path = "Preview Content";
			sourceTree = "<group>";
		};
		80D966372C2411020085386F /* LandmarksTests */ = {
			isa = PBXGroup;
			children = (
				80D966382C2411020085386F /* LandmarksTests.swift */,
			);
			path = LandmarksTests;
			sourceTree = "<group>";
		};
		80D966412C2411030085386F /* LandmarksUITests */ = {
			isa = PBXGroup;
			children = (
				80D966422C2411030085386F /* LandmarksUITests.swift */,
				80D966442C2411030085386F /* LandmarksUITestsLaunchTests.swift */,
			);
			path = LandmarksUITests;
			sourceTree = "<group>";
		};
		80D9665B2C2425890085386F /* View */ = {
			isa = PBXGroup;
			children = (
				809BF88C2C2CFE8100AF3952 /* Badges */,
				809BF8732C2BFD8800AF3952 /* Hikes */,
				809BF8852C2CFBBF00AF3952 /* Profiles */,
				809BF87C2C2C0B5200AF3952 /* Categories */,
				809BF86A2C2BE77400AF3952 /* Helper */,
				809BF8692C2BE76800AF3952 /* Landmarks */,
			);
			path = View;
			sourceTree = "<group>";
		};
		80D9665C2C2425900085386F /* Model */ = {
			isa = PBXGroup;
			children = (
				80D966572C2416EC0085386F /* Landmark.swift */,
				80D966592C2423D50085386F /* ModelData.swift */,
				809BF8712C2BFCDC00AF3952 /* Hike.swift */,
				809BF8832C2CFB7500AF3952 /* Profile.swift */,
			);
			path = Model;
			sourceTree = "<group>";
		};
		80D9665D2C2425960085386F /* Resources */ = {
			isa = PBXGroup;
			children = (
				809BF86F2C2BFCB400AF3952 /* hikeData.json */,
				80D966552C2416CC0085386F /* landmarkData.json */,
			);
			path = Resources;
			sourceTree = "<group>";
		};
/* End PBXGroup section */

/* Begin PBXNativeTarget section */
		80D966232C2410FE0085386F /* Landmarks */ = {
			isa = PBXNativeTarget;
			buildConfigurationList = 80D966482C2411030085386F /* Build configuration list for PBXNativeTarget "Landmarks" */;
			buildPhases = (
				80D966202C2410FE0085386F /* Sources */,
				80D966212C2410FE0085386F /* Frameworks */,
				80D966222C2410FE0085386F /* Resources */,
			);
			buildRules = (
			);
			dependencies = (
			);
			name = Landmarks;
			productName = Landmarks;
			productReference = 80D966242C2410FE0085386F /* Landmarks.app */;
			productType = "com.apple.product-type.application";
		};
		80D966332C2411020085386F /* LandmarksTests */ = {
			isa = PBXNativeTarget;
			buildConfigurationList = 80D9664B2C2411030085386F /* Build configuration list for PBXNativeTarget "LandmarksTests" */;
			buildPhases = (
				80D966302C2411020085386F /* Sources */,
				80D966312C2411020085386F /* Frameworks */,
				80D966322C2411020085386F /* Resources */,
			);
			buildRules = (
			);
			dependencies = (
				80D966362C2411020085386F /* PBXTargetDependency */,
			);
			name = LandmarksTests;
			productName = LandmarksTests;
			productReference = 80D966342C2411020085386F /* LandmarksTests.xctest */;
			productType = "com.apple.product-type.bundle.unit-test";
		};
		80D9663D2C2411030085386F /* LandmarksUITests */ = {
			isa = PBXNativeTarget;
			buildConfigurationList = 80D9664E2C2411030085386F /* Build configuration list for PBXNativeTarget "LandmarksUITests" */;
			buildPhases = (
				80D9663A2C2411030085386F /* Sources */,
				80D9663B2C2411030085386F /* Frameworks */,
				80D9663C2C2411030085386F /* Resources */,
			);
			buildRules = (
			);
			dependencies = (
				80D966402C2411030085386F /* PBXTargetDependency */,
			);
			name = LandmarksUITests;
			productName = LandmarksUITests;
			productReference = 80D9663E2C2411030085386F /* LandmarksUITests.xctest */;
			productType = "com.apple.product-type.bundle.ui-testing";
		};
/* End PBXNativeTarget section */

/* Begin PBXProject section */
		80D9661C2C2410FE0085386F /* Project object */ = {
			isa = PBXProject;
			attributes = {
				BuildIndependentTargetsInParallel = 1;
				LastSwiftUpdateCheck = 1510;
				LastUpgradeCheck = 1510;
				TargetAttributes = {
					80D966232C2410FE0085386F = {
						CreatedOnToolsVersion = 15.1;
					};
					80D966332C2411020085386F = {
						CreatedOnToolsVersion = 15.1;
						TestTargetID = 80D966232C2410FE0085386F;
					};
					80D9663D2C2411030085386F = {
						CreatedOnToolsVersion = 15.1;
						TestTargetID = 80D966232C2410FE0085386F;
					};
				};
			};
			buildConfigurationList = 80D9661F2C2410FE0085386F /* Build configuration list for PBXProject "Landmarks" */;
			compatibilityVersion = "Xcode 14.0";
			developmentRegion = en;
			hasScannedForEncodings = 0;
			knownRegions = (
				en,
				Base,
			);
			mainGroup = 80D9661B2C2410FE0085386F;
			productRefGroup = 80D966252C2410FE0085386F /* Products */;
			projectDirPath = "";
			projectRoot = "";
			targets = (
				80D966232C2410FE0085386F /* Landmarks */,
				80D966332C2411020085386F /* LandmarksTests */,
				80D9663D2C2411030085386F /* LandmarksUITests */,
			);
		};
/* End PBXProject section */

/* Begin PBXResourcesBuildPhase section */
		80D966222C2410FE0085386F /* Resources */ = {
			isa = PBXResourcesBuildPhase;
			buildActionMask = 2147483647;
			files = (
				809BF8702C2BFCB400AF3952 /* hikeData.json in Resources */,
				80D9662F2C2411020085386F /* Preview Assets.xcassets in Resources */,
				80D9662C2C2411020085386F /* Assets.xcassets in Resources */,
				80D966562C2416CC0085386F /* landmarkData.json in Resources */,
			);
			runOnlyForDeploymentPostprocessing = 0;
		};
		80D966322C2411020085386F /* Resources */ = {
			isa = PBXResourcesBuildPhase;
			buildActionMask = 2147483647;
			files = (
			);
			runOnlyForDeploymentPostprocessing = 0;
		};
		80D9663C2C2411030085386F /* Resources */ = {
			isa = PBXResourcesBuildPhase;
			buildActionMask = 2147483647;
			files = (
			);
			runOnlyForDeploymentPostprocessing = 0;
		};
/* End PBXResourcesBuildPhase section */

/* Begin PBXSourcesBuildPhase section */
		80D966202C2410FE0085386F /* Sources */ = {
			isa = PBXSourcesBuildPhase;
			buildActionMask = 2147483647;
			files = (
				809BF8932C2CFE8100AF3952 /* HexagonParameters.swift in Sources */,
				80D9662A2C2410FE0085386F /* ContentView.swift in Sources */,
				80D966542C2414010085386F /* MapView.swift in Sources */,
				80D966282C2410FE0085386F /* LandmarksApp.swift in Sources */,
				809BF8682C2BE5DE00AF3952 /* FavoriteButton.swift in Sources */,
				809BF8722C2BFCDC00AF3952 /* Hike.swift in Sources */,
				809BF87B2C2BFD8800AF3952 /* HikeView.swift in Sources */,
				809BF8962C2CFE8100AF3952 /* Badge.swift in Sources */,
				809BF88B2C2CFDDD00AF3952 /* HikeBadge.swift in Sources */,
				809BF8782C2BFD8800AF3952 /* GraphCapsule.swift in Sources */,
				80D966612C2427A20085386F /* LandmarkList.swift in Sources */,
				80D966632C24283A0085386F /* LandmarkDetail.swift in Sources */,
				809BF8922C2CFE8100AF3952 /* RotatedBadgeSymbol.swift in Sources */,
				809BF8842C2CFB7500AF3952 /* Profile.swift in Sources */,
				809BF8892C2CFC7000AF3952 /* ProfileSummary.swift in Sources */,
				809BF87E2C2C0B8100AF3952 /* CategoryHome.swift in Sources */,
				80D966522C24134D0085386F /* CircleImage.swift in Sources */,
				80D966582C2416EC0085386F /* Landmark.swift in Sources */,
				80D9665F2C2426510085386F /* LandmarkRow.swift in Sources */,
				809BF8942C2CFE8100AF3952 /* BadgeSymbol.swift in Sources */,
				809BF8792C2BFD8800AF3952 /* HikeGraph.swift in Sources */,
				80D9665A2C2423D50085386F /* ModelData.swift in Sources */,
				809BF8952C2CFE8100AF3952 /* BadgeBackground.swift in Sources */,
				809BF87A2C2BFD8800AF3952 /* HikeDetail.swift in Sources */,
				809BF8822C2C21CA00AF3952 /* CategoryItem.swift in Sources */,
				809BF8802C2C205E00AF3952 /* CategoryRow.swift in Sources */,
				809BF8872C2CFBD900AF3952 /* ProfileHost.swift in Sources */,
			);
			runOnlyForDeploymentPostprocessing = 0;
		};
		80D966302C2411020085386F /* Sources */ = {
			isa = PBXSourcesBuildPhase;
			buildActionMask = 2147483647;
			files = (
				80D966392C2411020085386F /* LandmarksTests.swift in Sources */,
			);
			runOnlyForDeploymentPostprocessing = 0;
		};
		80D9663A2C2411030085386F /* Sources */ = {
			isa = PBXSourcesBuildPhase;
			buildActionMask = 2147483647;
			files = (
				80D966452C2411030085386F /* LandmarksUITestsLaunchTests.swift in Sources */,
				80D966432C2411030085386F /* LandmarksUITests.swift in Sources */,
			);
			runOnlyForDeploymentPostprocessing = 0;
		};
/* End PBXSourcesBuildPhase section */

/* Begin PBXTargetDependency section */
		80D966362C2411020085386F /* PBXTargetDependency */ = {
			isa = PBXTargetDependency;
			target = 80D966232C2410FE0085386F /* Landmarks */;
			targetProxy = 80D966352C2411020085386F /* PBXContainerItemProxy */;
		};
		80D966402C2411030085386F /* PBXTargetDependency */ = {
			isa = PBXTargetDependency;
			target = 80D966232C2410FE0085386F /* Landmarks */;
			targetProxy = 80D9663F2C2411030085386F /* PBXContainerItemProxy */;
		};
/* End PBXTargetDependency section */

/* Begin XCBuildConfiguration section */
		80D966462C2411030085386F /* Debug */ = {
			isa = XCBuildConfiguration;
			buildSettings = {
				ALWAYS_SEARCH_USER_PATHS = NO;
				ASSETCATALOG_COMPILER_GENERATE_SWIFT_ASSET_SYMBOL_EXTENSIONS = YES;
				CLANG_ANALYZER_NONNULL = YES;
				CLANG_ANALYZER_NUMBER_OBJECT_CONVERSION = YES_AGGRESSIVE;
				CLANG_CXX_LANGUAGE_STANDARD = "gnu++20";
				CLANG_ENABLE_MODULES = YES;
				CLANG_ENABLE_OBJC_ARC = YES;
				CLANG_ENABLE_OBJC_WEAK = YES;
				CLANG_WARN_BLOCK_CAPTURE_AUTORELEASING = YES;
				CLANG_WARN_BOOL_CONVERSION = YES;
				CLANG_WARN_COMMA = YES;
				CLANG_WARN_CONSTANT_CONVERSION = YES;
				CLANG_WARN_DEPRECATED_OBJC_IMPLEMENTATIONS = YES;
				CLANG_WARN_DIRECT_OBJC_ISA_USAGE = YES_ERROR;
				CLANG_WARN_DOCUMENTATION_COMMENTS = YES;
				CLANG_WARN_EMPTY_BODY = YES;
				CLANG_WARN_ENUM_CONVERSION = YES;
				CLANG_WARN_INFINITE_RECURSION = YES;
				CLANG_WARN_INT_CONVERSION = YES;
				CLANG_WARN_NON_LITERAL_NULL_CONVERSION = YES;
				CLANG_WARN_OBJC_IMPLICIT_RETAIN_SELF = YES;
				CLANG_WARN_OBJC_LITERAL_CONVERSION = YES;
				CLANG_WARN_OBJC_ROOT_CLASS = YES_ERROR;
				CLANG_WARN_QUOTED_INCLUDE_IN_FRAMEWORK_HEADER = YES;
				CLANG_WARN_RANGE_LOOP_ANALYSIS = YES;
				CLANG_WARN_STRICT_PROTOTYPES = YES;
				CLANG_WARN_SUSPICIOUS_MOVE = YES;
				CLANG_WARN_UNGUARDED_AVAILABILITY = YES_AGGRESSIVE;
				CLANG_WARN_UNREACHABLE_CODE = YES;
				CLANG_WARN__DUPLICATE_METHOD_MATCH = YES;
				COPY_PHASE_STRIP = NO;
				DEBUG_INFORMATION_FORMAT = dwarf;
				ENABLE_STRICT_OBJC_MSGSEND = YES;
				ENABLE_TESTABILITY = YES;
				ENABLE_USER_SCRIPT_SANDBOXING = YES;
				GCC_C_LANGUAGE_STANDARD = gnu17;
				GCC_DYNAMIC_NO_PIC = NO;
				GCC_NO_COMMON_BLOCKS = YES;
				GCC_OPTIMIZATION_LEVEL = 0;
				GCC_PREPROCESSOR_DEFINITIONS = (
					"DEBUG=1",
					"$(inherited)",
				);
				GCC_WARN_64_TO_32_BIT_CONVERSION = YES;
				GCC_WARN_ABOUT_RETURN_TYPE = YES_ERROR;
				GCC_WARN_UNDECLARED_SELECTOR = YES;
				GCC_WARN_UNINITIALIZED_AUTOS = YES_AGGRESSIVE;
				GCC_WARN_UNUSED_FUNCTION = YES;
				GCC_WARN_UNUSED_VARIABLE = YES;
				IPHONEOS_DEPLOYMENT_TARGET = 17.2;
				LOCALIZATION_PREFERS_STRING_CATALOGS = YES;
				MTL_ENABLE_DEBUG_INFO = INCLUDE_SOURCE;
				MTL_FAST_MATH = YES;
				ONLY_ACTIVE_ARCH = YES;
				SDKROOT = iphoneos;
				SWIFT_ACTIVE_COMPILATION_CONDITIONS = "DEBUG $(inherited)";
				SWIFT_OPTIMIZATION_LEVEL = "-Onone";
			};
			name = Debug;
		};
		80D966472C2411030085386F /* Release */ = {
			isa = XCBuildConfiguration;
			buildSettings = {
				ALWAYS_SEARCH_USER_PATHS = NO;
				ASSETCATALOG_COMPILER_GENERATE_SWIFT_ASSET_SYMBOL_EXTENSIONS = YES;
				CLANG_ANALYZER_NONNULL = YES;
				CLANG_ANALYZER_NUMBER_OBJECT_CONVERSION = YES_AGGRESSIVE;
				CLANG_CXX_LANGUAGE_STANDARD = "gnu++20";
				CLANG_ENABLE_MODULES = YES;
				CLANG_ENABLE_OBJC_ARC = YES;
				CLANG_ENABLE_OBJC_WEAK = YES;
				CLANG_WARN_BLOCK_CAPTURE_AUTORELEASING = YES;
				CLANG_WARN_BOOL_CONVERSION = YES;
				CLANG_WARN_COMMA = YES;
				CLANG_WARN_CONSTANT_CONVERSION = YES;
				CLANG_WARN_DEPRECATED_OBJC_IMPLEMENTATIONS = YES;
				CLANG_WARN_DIRECT_OBJC_ISA_USAGE = YES_ERROR;
				CLANG_WARN_DOCUMENTATION_COMMENTS = YES;
				CLANG_WARN_EMPTY_BODY = YES;
				CLANG_WARN_ENUM_CONVERSION = YES;
				CLANG_WARN_INFINITE_RECURSION = YES;
				CLANG_WARN_INT_CONVERSION = YES;
				CLANG_WARN_NON_LITERAL_NULL_CONVERSION = YES;
				CLANG_WARN_OBJC_IMPLICIT_RETAIN_SELF = YES;
				CLANG_WARN_OBJC_LITERAL_CONVERSION = YES;
				CLANG_WARN_OBJC_ROOT_CLASS = YES_ERROR;
				CLANG_WARN_QUOTED_INCLUDE_IN_FRAMEWORK_HEADER = YES;
				CLANG_WARN_RANGE_LOOP_ANALYSIS = YES;
				CLANG_WARN_STRICT_PROTOTYPES = YES;
				CLANG_WARN_SUSPICIOUS_MOVE = YES;
				CLANG_WARN_UNGUARDED_AVAILABILITY = YES_AGGRESSIVE;
				CLANG_WARN_UNREACHABLE_CODE = YES;
				CLANG_WARN__DUPLICATE_METHOD_MATCH = YES;
				COPY_PHASE_STRIP = NO;
				DEBUG_INFORMATION_FORMAT = "dwarf-with-dsym";
				ENABLE_NS_ASSERTIONS = NO;
				ENABLE_STRICT_OBJC_MSGSEND = YES;
				ENABLE_USER_SCRIPT_SANDBOXING = YES;
				GCC_C_LANGUAGE_STANDARD = gnu17;
				GCC_NO_COMMON_BLOCKS = YES;
				GCC_WARN_64_TO_32_BIT_CONVERSION = YES;
				GCC_WARN_ABOUT_RETURN_TYPE = YES_ERROR;
				GCC_WARN_UNDECLARED_SELECTOR = YES;
				GCC_WARN_UNINITIALIZED_AUTOS = YES_AGGRESSIVE;
				GCC_WARN_UNUSED_FUNCTION = YES;
				GCC_WARN_UNUSED_VARIABLE = YES;
				IPHONEOS_DEPLOYMENT_TARGET = 17.2;
				LOCALIZATION_PREFERS_STRING_CATALOGS = YES;
				MTL_ENABLE_DEBUG_INFO = NO;
				MTL_FAST_MATH = YES;
				SDKROOT = iphoneos;
				SWIFT_COMPILATION_MODE = wholemodule;
				VALIDATE_PRODUCT = YES;
			};
			name = Release;
		};
		80D966492C2411030085386F /* Debug */ = {
			isa = XCBuildConfiguration;
			buildSettings = {
				ASSETCATALOG_COMPILER_APPICON_NAME = AppIcon;
				ASSETCATALOG_COMPILER_GLOBAL_ACCENT_COLOR_NAME = AccentColor;
				CODE_SIGN_STYLE = Automatic;
				CURRENT_PROJECT_VERSION = 1;
				DEVELOPMENT_ASSET_PATHS = "\"Landmarks/Preview Content\"";
				DEVELOPMENT_TEAM = 5P759875NC;
				ENABLE_PREVIEWS = YES;
				GENERATE_INFOPLIST_FILE = YES;
				INFOPLIST_KEY_UIApplicationSceneManifest_Generation = YES;
				INFOPLIST_KEY_UIApplicationSupportsIndirectInputEvents = YES;
				INFOPLIST_KEY_UILaunchScreen_Generation = YES;
				INFOPLIST_KEY_UISupportedInterfaceOrientations_iPad = "UIInterfaceOrientationPortrait UIInterfaceOrientationPortraitUpsideDown UIInterfaceOrientationLandscapeLeft UIInterfaceOrientationLandscapeRight";
				INFOPLIST_KEY_UISupportedInterfaceOrientations_iPhone = "UIInterfaceOrientationPortrait UIInterfaceOrientationLandscapeLeft UIInterfaceOrientationLandscapeRight";
				LD_RUNPATH_SEARCH_PATHS = (
					"$(inherited)",
					"@executable_path/Frameworks",
				);
				MARKETING_VERSION = 1.0;
				PRODUCT_BUNDLE_IDENTIFIER = zzg.com.Landmarks;
				PRODUCT_NAME = "$(TARGET_NAME)";
				SWIFT_EMIT_LOC_STRINGS = YES;
				SWIFT_VERSION = 5.0;
				TARGETED_DEVICE_FAMILY = "1,2";
			};
			name = Debug;
		};
		80D9664A2C2411030085386F /* Release */ = {
			isa = XCBuildConfiguration;
			buildSettings = {
				ASSETCATALOG_COMPILER_APPICON_NAME = AppIcon;
				ASSETCATALOG_COMPILER_GLOBAL_ACCENT_COLOR_NAME = AccentColor;
				CODE_SIGN_STYLE = Automatic;
				CURRENT_PROJECT_VERSION = 1;
				DEVELOPMENT_ASSET_PATHS = "\"Landmarks/Preview Content\"";
				DEVELOPMENT_TEAM = 5P759875NC;
				ENABLE_PREVIEWS = YES;
				GENERATE_INFOPLIST_FILE = YES;
				INFOPLIST_KEY_UIApplicationSceneManifest_Generation = YES;
				INFOPLIST_KEY_UIApplicationSupportsIndirectInputEvents = YES;
				INFOPLIST_KEY_UILaunchScreen_Generation = YES;
				INFOPLIST_KEY_UISupportedInterfaceOrientations_iPad = "UIInterfaceOrientationPortrait UIInterfaceOrientationPortraitUpsideDown UIInterfaceOrientationLandscapeLeft UIInterfaceOrientationLandscapeRight";
				INFOPLIST_KEY_UISupportedInterfaceOrientations_iPhone = "UIInterfaceOrientationPortrait UIInterfaceOrientationLandscapeLeft UIInterfaceOrientationLandscapeRight";
				LD_RUNPATH_SEARCH_PATHS = (
					"$(inherited)",
					"@executable_path/Frameworks",
				);
				MARKETING_VERSION = 1.0;
				PRODUCT_BUNDLE_IDENTIFIER = zzg.com.Landmarks;
				PRODUCT_NAME = "$(TARGET_NAME)";
				SWIFT_EMIT_LOC_STRINGS = YES;
				SWIFT_VERSION = 5.0;
				TARGETED_DEVICE_FAMILY = "1,2";
			};
			name = Release;
		};
		80D9664C2C2411030085386F /* Debug */ = {
			isa = XCBuildConfiguration;
			buildSettings = {
				ALWAYS_EMBED_SWIFT_STANDARD_LIBRARIES = YES;
				BUNDLE_LOADER = "$(TEST_HOST)";
				CODE_SIGN_STYLE = Automatic;
				CURRENT_PROJECT_VERSION = 1;
				DEVELOPMENT_TEAM = 5P759875NC;
				GENERATE_INFOPLIST_FILE = YES;
				IPHONEOS_DEPLOYMENT_TARGET = 17.2;
				MARKETING_VERSION = 1.0;
				PRODUCT_BUNDLE_IDENTIFIER = zzg.com.LandmarksTests;
				PRODUCT_NAME = "$(TARGET_NAME)";
				SWIFT_EMIT_LOC_STRINGS = NO;
				SWIFT_VERSION = 5.0;
				TARGETED_DEVICE_FAMILY = "1,2";
				TEST_HOST = "$(BUILT_PRODUCTS_DIR)/Landmarks.app/$(BUNDLE_EXECUTABLE_FOLDER_PATH)/Landmarks";
			};
			name = Debug;
		};
		80D9664D2C2411030085386F /* Release */ = {
			isa = XCBuildConfiguration;
			buildSettings = {
				ALWAYS_EMBED_SWIFT_STANDARD_LIBRARIES = YES;
				BUNDLE_LOADER = "$(TEST_HOST)";
				CODE_SIGN_STYLE = Automatic;
				CURRENT_PROJECT_VERSION = 1;
				DEVELOPMENT_TEAM = 5P759875NC;
				GENERATE_INFOPLIST_FILE = YES;
				IPHONEOS_DEPLOYMENT_TARGET = 17.2;
				MARKETING_VERSION = 1.0;
				PRODUCT_BUNDLE_IDENTIFIER = zzg.com.LandmarksTests;
				PRODUCT_NAME = "$(TARGET_NAME)";
				SWIFT_EMIT_LOC_STRINGS = NO;
				SWIFT_VERSION = 5.0;
				TARGETED_DEVICE_FAMILY = "1,2";
				TEST_HOST = "$(BUILT_PRODUCTS_DIR)/Landmarks.app/$(BUNDLE_EXECUTABLE_FOLDER_PATH)/Landmarks";
			};
			name = Release;
		};
		80D9664F2C2411030085386F /* Debug */ = {
			isa = XCBuildConfiguration;
			buildSettings = {
				ALWAYS_EMBED_SWIFT_STANDARD_LIBRARIES = YES;
				CODE_SIGN_STYLE = Automatic;
				CURRENT_PROJECT_VERSION = 1;
				DEVELOPMENT_TEAM = 5P759875NC;
				GENERATE_INFOPLIST_FILE = YES;
				MARKETING_VERSION = 1.0;
				PRODUCT_BUNDLE_IDENTIFIER = zzg.com.LandmarksUITests;
				PRODUCT_NAME = "$(TARGET_NAME)";
				SWIFT_EMIT_LOC_STRINGS = NO;
				SWIFT_VERSION = 5.0;
				TARGETED_DEVICE_FAMILY = "1,2";
				TEST_TARGET_NAME = Landmarks;
			};
			name = Debug;
		};
		80D966502C2411030085386F /* Release */ = {
			isa = XCBuildConfiguration;
			buildSettings = {
				ALWAYS_EMBED_SWIFT_STANDARD_LIBRARIES = YES;
				CODE_SIGN_STYLE = Automatic;
				CURRENT_PROJECT_VERSION = 1;
				DEVELOPMENT_TEAM = 5P759875NC;
				GENERATE_INFOPLIST_FILE = YES;
				MARKETING_VERSION = 1.0;
				PRODUCT_BUNDLE_IDENTIFIER = zzg.com.LandmarksUITests;
				PRODUCT_NAME = "$(TARGET_NAME)";
				SWIFT_EMIT_LOC_STRINGS = NO;
				SWIFT_VERSION = 5.0;
				TARGETED_DEVICE_FAMILY = "1,2";
				TEST_TARGET_NAME = Landmarks;
			};
			name = Release;
		};
/* End XCBuildConfiguration section */

/* Begin XCConfigurationList section */
		80D9661F2C2410FE0085386F /* Build configuration list for PBXProject "Landmarks" */ = {
			isa = XCConfigurationList;
			buildConfigurations = (
				80D966462C2411030085386F /* Debug */,
				80D966472C2411030085386F /* Release */,
			);
			defaultConfigurationIsVisible = 0;
			defaultConfigurationName = Release;
		};
		80D966482C2411030085386F /* Build configuration list for PBXNativeTarget "Landmarks" */ = {
			isa = XCConfigurationList;
			buildConfigurations = (
				80D966492C2411030085386F /* Debug */,
				80D9664A2C2411030085386F /* Release */,
			);
			defaultConfigurationIsVisible = 0;
			defaultConfigurationName = Release;
		};
		80D9664B2C2411030085386F /* Build configuration list for PBXNativeTarget "LandmarksTests" */ = {
			isa = XCConfigurationList;
			buildConfigurations = (
				80D9664C2C2411030085386F /* Debug */,
				80D9664D2C2411030085386F /* Release */,
			);
			defaultConfigurationIsVisible = 0;
			defaultConfigurationName = Release;
		};
		80D9664E2C2411030085386F /* Build configuration list for PBXNativeTarget "LandmarksUITests" */ = {
			isa = XCConfigurationList;
			buildConfigurations = (
				80D9664F2C2411030085386F /* Debug */,
				80D966502C2411030085386F /* Release */,
			);
			defaultConfigurationIsVisible = 0;
			defaultConfigurationName = Release;
		};
/* End XCConfigurationList section */
	};
	rootObject = 80D9661C2C2410FE0085386F /* Project object */;
}
